
Microsoft Visual Studio Solution File, Format Version 12.00
# Visual Studio 15
VisualStudioVersion = 15.0.28307.852
MinimumVisualStudioVersion = 10.0.40219.1
Project("{8BC9CEB8-8B4A-11D0-8D11-00A0C91BC942}") = "viAI.Runtime", "viAI.Runtime\viAI.Runtime.vcxproj", "{1CD8CF14-F364-47FC-A9D3-0272775833C2}"
EndProject
Global
	GlobalSection(SolutionConfigurationPlatforms) = preSolution
		Debug|x64 = Debug|x64
		Release|x64 = Release|x64
	EndGlobalSection
	GlobalSection(ProjectConfigurationPlatforms) = postSolution
		{1CD8CF14-F364-47FC-A9D3-0272775833C2}.Debug|x64.ActiveCfg = Debug|x64
		{1CD8CF14-F364-47FC-A9D3-0272775833C2}.Debug|x64.Build.0 = Debug|x64
		{1CD8CF14-F364-47FC-A9D3-0272775833C2}.Release|x64.ActiveCfg = Release|x64
		{1CD8CF14-F364-47FC-A9D3-0272775833C2}.Release|x64.Build.0 = Release|x64
	EndGlobalSection
	GlobalSection(SolutionProperties) = preSolution
		HideSolutionNode = FALSE
	EndGlobalSection
	GlobalSection(ExtensibilityGlobals) = postSolution
		SolutionGuid = {4BFD318B-8F37-4E26-834C-830640C145D3}
	EndGlobalSection
EndGlobal
